
Microsoft Visual Studio Solution File, Format Version 12.00
# Visual Studio 15
VisualStudioVersion = 15.0.27004.2009
MinimumVisualStudioVersion = 10.0.40219.1
Project("{FAE04EC0-301F-11D3-BF4B-00C04F79EFBC}") = "Курсова", "Курсова\Курсова.csproj", "{2D4D9780-AA54-4A02-A69A-D44F257FBA51}"
EndProject
Project("{FAE04EC0-301F-11D3-BF4B-00C04F79EFBC}") = "CourseProgram", "CourseProgram\CourseProgram.csproj", "{C42FB2FD-0368-4D6A-B9B9-8B1BB83264F3}"
EndProject
Project("{FAE04EC0-301F-11D3-BF4B-00C04F79EFBC}") = "ConsoleApp1", "ConsoleApp1\ConsoleApp1.csproj", "{9CC95301-B905-4EC7-B967-EBB4F04B1E0C}"
EndProject
Project("{FAE04EC0-301F-11D3-BF4B-00C04F79EFBC}") = "WpfApp1", "WpfApp1\WpfApp1.csproj", "{122A1E69-C8F6-46CE-924E-72D44C3F1B26}"
EndProject
Global
	GlobalSection(SolutionConfigurationPlatforms) = preSolution
		Debug|Any CPU = Debug|Any CPU
		Release|Any CPU = Release|Any CPU
	EndGlobalSection
	GlobalSection(ProjectConfigurationPlatforms) = postSolution
		{2D4D9780-AA54-4A02-A69A-D44F257FBA51}.Debug|Any CPU.ActiveCfg = Debug|Any CPU
		{2D4D9780-AA54-4A02-A69A-D44F257FBA51}.Debug|Any CPU.Build.0 = Debug|Any CPU
		{2D4D9780-AA54-4A02-A69A-D44F257FBA51}.Release|Any CPU.ActiveCfg = Release|Any CPU
		{2D4D9780-AA54-4A02-A69A-D44F257FBA51}.Release|Any CPU.Build.0 = Release|Any CPU
		{C42FB2FD-0368-4D6A-B9B9-8B1BB83264F3}.Debug|Any CPU.ActiveCfg = Debug|Any CPU
		{C42FB2FD-0368-4D6A-B9B9-8B1BB83264F3}.Debug|Any CPU.Build.0 = Debug|Any CPU
		{C42FB2FD-0368-4D6A-B9B9-8B1BB83264F3}.Release|Any CPU.ActiveCfg = Release|Any CPU
		{C42FB2FD-0368-4D6A-B9B9-8B1BB83264F3}.Release|Any CPU.Build.0 = Release|Any CPU
		{9CC95301-B905-4EC7-B967-EBB4F04B1E0C}.Debug|Any CPU.ActiveCfg = Debug|Any CPU
		{9CC95301-B905-4EC7-B967-EBB4F04B1E0C}.Debug|Any CPU.Build.0 = Debug|Any CPU
		{9CC95301-B905-4EC7-B967-EBB4F04B1E0C}.Release|Any CPU.ActiveCfg = Release|Any CPU
		{9CC95301-B905-4EC7-B967-EBB4F04B1E0C}.Release|Any CPU.Build.0 = Release|Any CPU
		{122A1E69-C8F6-46CE-924E-72D44C3F1B26}.Debug|Any CPU.ActiveCfg = Debug|Any CPU
		{122A1E69-C8F6-46CE-924E-72D44C3F1B26}.Debug|Any CPU.Build.0 = Debug|Any CPU
		{122A1E69-C8F6-46CE-924E-72D44C3F1B26}.Release|Any CPU.ActiveCfg = Release|Any CPU
		{122A1E69-C8F6-46CE-924E-72D44C3F1B26}.Release|Any CPU.Build.0 = Release|Any CPU
	EndGlobalSection
	GlobalSection(SolutionProperties) = preSolution
		HideSolutionNode = FALSE
	EndGlobalSection
	GlobalSection(ExtensibilityGlobals) = postSolution
		SolutionGuid = {93C6966A-8AFE-4DA8-BF17-2D38E1FD96F0}
	EndGlobalSection
EndGlobal
