
Microsoft Visual Studio Solution File, Format Version 12.00
# Visual Studio 15
VisualStudioVersion = 15.0.27428.2015
MinimumVisualStudioVersion = 10.0.40219.1
Project("{FAE04EC0-301F-11D3-BF4B-00C04F79EFBC}") = "16_Lab", "16_Lab\16_Lab.csproj", "{EDB0A424-1EAA-499D-A6E5-507356B18532}"
EndProject
Project("{FAE04EC0-301F-11D3-BF4B-00C04F79EFBC}") = "Calculator", "Calculator\Calculator.csproj", "{FD7F448D-48EB-4B0A-87C7-D2BDA93E02F6}"
EndProject
Global
	GlobalSection(SolutionConfigurationPlatforms) = preSolution
		Debug|Any CPU = Debug|Any CPU
		Release|Any CPU = Release|Any CPU
	EndGlobalSection
	GlobalSection(ProjectConfigurationPlatforms) = postSolution
		{EDB0A424-1EAA-499D-A6E5-507356B18532}.Debug|Any CPU.ActiveCfg = Debug|Any CPU
		{EDB0A424-1EAA-499D-A6E5-507356B18532}.Debug|Any CPU.Build.0 = Debug|Any CPU
		{EDB0A424-1EAA-499D-A6E5-507356B18532}.Release|Any CPU.ActiveCfg = Release|Any CPU
		{EDB0A424-1EAA-499D-A6E5-507356B18532}.Release|Any CPU.Build.0 = Release|Any CPU
		{FD7F448D-48EB-4B0A-87C7-D2BDA93E02F6}.Debug|Any CPU.ActiveCfg = Debug|Any CPU
		{FD7F448D-48EB-4B0A-87C7-D2BDA93E02F6}.Debug|Any CPU.Build.0 = Debug|Any CPU
		{FD7F448D-48EB-4B0A-87C7-D2BDA93E02F6}.Release|Any CPU.ActiveCfg = Release|Any CPU
		{FD7F448D-48EB-4B0A-87C7-D2BDA93E02F6}.Release|Any CPU.Build.0 = Release|Any CPU
	EndGlobalSection
	GlobalSection(SolutionProperties) = preSolution
		HideSolutionNode = FALSE
	EndGlobalSection
	GlobalSection(ExtensibilityGlobals) = postSolution
		SolutionGuid = {457F9EBF-F0BE-4985-8235-A546525C0F35}
	EndGlobalSection
EndGlobal
